// !$*UTF8*$!
{
	archiveVersion = 1;
	classes = {
	};
	objectVersion = 46;
	objects = {

/* Begin PBXBuildFile section */
		A441E3B01B4FF0BE008DBC37 /* NSObject+SPInvocationGrabbing.m in Sources */ = {isa = PBXBuildFile; fileRef = A441E3AD1B4FF0BE008DBC37 /* NSObject+SPInvocationGrabbing.m */; };
		A441E3B11B4FF0BE008DBC37 /* SPMediaKeyTap.m in Sources */ = {isa = PBXBuildFile; fileRef = A441E3AF1B4FF0BE008DBC37 /* SPMediaKeyTap.m */; };
		C80F65D61ADE156C00277D77 /* AppDelegate.swift in Sources */ = {isa = PBXBuildFile; fileRef = C80F65D51ADE156C00277D77 /* AppDelegate.swift */; };
		C80F65D81ADE156C00277D77 /* Images.xcassets in Resources */ = {isa = PBXBuildFile; fileRef = C80F65D71ADE156C00277D77 /* Images.xcassets */; };
		C80F65DB1ADE156C00277D77 /* MainMenu.xib in Resources */ = {isa = PBXBuildFile; fileRef = C80F65D91ADE156C00277D77 /* MainMenu.xib */; };
		C80F65E71ADE156C00277D77 /* PocketCastTests.swift in Sources */ = {isa = PBXBuildFile; fileRef = C80F65E61ADE156C00277D77 /* PocketCastTests.swift */; };
		C80F65F81ADE2BEE00277D77 /* MyApplication.swift in Sources */ = {isa = PBXBuildFile; fileRef = C80F65F71ADE2BEE00277D77 /* MyApplication.swift */; };
/* End PBXBuildFile section */

/* Begin PBXContainerItemProxy section */
		C80F65E11ADE156C00277D77 /* PBXContainerItemProxy */ = {
			isa = PBXContainerItemProxy;
			containerPortal = C80F65C81ADE156C00277D77 /* Project object */;
			proxyType = 1;
			remoteGlobalIDString = C80F65CF1ADE156C00277D77;
			remoteInfo = PocketCast;
		};
/* End PBXContainerItemProxy section */

/* Begin PBXFileReference section */
		A441E39E1B4FEF9E008DBC37 /* PocketCast-Bridging-Header.h */ = {isa = PBXFileReference; lastKnownFileType = sourcecode.c.h; path = "PocketCast-Bridging-Header.h"; sourceTree = "<group>"; };
		A441E3AC1B4FF0BE008DBC37 /* NSObject+SPInvocationGrabbing.h */ = {isa = PBXFileReference; fileEncoding = 4; lastKnownFileType = sourcecode.c.h; path = "NSObject+SPInvocationGrabbing.h"; sourceTree = "<group>"; };
		A441E3AD1B4FF0BE008DBC37 /* NSObject+SPInvocationGrabbing.m */ = {isa = PBXFileReference; fileEncoding = 4; lastKnownFileType = sourcecode.c.objc; path = "NSObject+SPInvocationGrabbing.m"; sourceTree = "<group>"; };
		A441E3AE1B4FF0BE008DBC37 /* SPMediaKeyTap.h */ = {isa = PBXFileReference; fileEncoding = 4; lastKnownFileType = sourcecode.c.h; path = SPMediaKeyTap.h; sourceTree = "<group>"; };
		A441E3AF1B4FF0BE008DBC37 /* SPMediaKeyTap.m */ = {isa = PBXFileReference; fileEncoding = 4; lastKnownFileType = sourcecode.c.objc; path = SPMediaKeyTap.m; sourceTree = "<group>"; };
		C80F65D01ADE156C00277D77 /* PocketCasts.app */ = {isa = PBXFileReference; explicitFileType = wrapper.application; includeInIndex = 0; path = PocketCasts.app; sourceTree = BUILT_PRODUCTS_DIR; };
		C80F65D41ADE156C00277D77 /* Info.plist */ = {isa = PBXFileReference; lastKnownFileType = text.plist.xml; path = Info.plist; sourceTree = "<group>"; };
		C80F65D51ADE156C00277D77 /* AppDelegate.swift */ = {isa = PBXFileReference; lastKnownFileType = sourcecode.swift; path = AppDelegate.swift; sourceTree = "<group>"; };
		C80F65D71ADE156C00277D77 /* Images.xcassets */ = {isa = PBXFileReference; lastKnownFileType = folder.assetcatalog; path = Images.xcassets; sourceTree = "<group>"; };
		C80F65DA1ADE156C00277D77 /* Base */ = {isa = PBXFileReference; lastKnownFileType = file.xib; name = Base; path = Base.lproj/MainMenu.xib; sourceTree = "<group>"; };
		C80F65E01ADE156C00277D77 /* PocketCastTests.xctest */ = {isa = PBXFileReference; explicitFileType = wrapper.cfbundle; includeInIndex = 0; path = PocketCastTests.xctest; sourceTree = BUILT_PRODUCTS_DIR; };
		C80F65E51ADE156C00277D77 /* Info.plist */ = {isa = PBXFileReference; lastKnownFileType = text.plist.xml; path = Info.plist; sourceTree = "<group>"; };
		C80F65E61ADE156C00277D77 /* PocketCastTests.swift */ = {isa = PBXFileReference; lastKnownFileType = sourcecode.swift; path = PocketCastTests.swift; sourceTree = "<group>"; };
		C80F65F71ADE2BEE00277D77 /* MyApplication.swift */ = {isa = PBXFileReference; fileEncoding = 4; lastKnownFileType = sourcecode.swift; name = MyApplication.swift; path = PocketCast/MyApplication.swift; sourceTree = "<group>"; };
/* End PBXFileReference section */

/* Begin PBXFrameworksBuildPhase section */
		C80F65CD1ADE156C00277D77 /* Frameworks */ = {
			isa = PBXFrameworksBuildPhase;
			buildActionMask = 2147483647;
			files = (
			);
			runOnlyForDeploymentPostprocessing = 0;
		};
		C80F65DD1ADE156C00277D77 /* Frameworks */ = {
			isa = PBXFrameworksBuildPhase;
			buildActionMask = 2147483647;
			files = (
			);
			runOnlyForDeploymentPostprocessing = 0;
		};
/* End PBXFrameworksBuildPhase section */

/* Begin PBXGroup section */
		A441E3AA1B4FF0BE008DBC37 /* SPMediaKeyTap */ = {
			isa = PBXGroup;
			children = (
				A441E3AB1B4FF0BE008DBC37 /* SPInvocationGrabbing */,
				A441E3AE1B4FF0BE008DBC37 /* SPMediaKeyTap.h */,
				A441E3AF1B4FF0BE008DBC37 /* SPMediaKeyTap.m */,
			);
			name = SPMediaKeyTap;
			path = PocketCast/SPMediaKeyTap;
			sourceTree = "<group>";
		};
		A441E3AB1B4FF0BE008DBC37 /* SPInvocationGrabbing */ = {
			isa = PBXGroup;
			children = (
				A441E3AC1B4FF0BE008DBC37 /* NSObject+SPInvocationGrabbing.h */,
				A441E3AD1B4FF0BE008DBC37 /* NSObject+SPInvocationGrabbing.m */,
			);
			path = SPInvocationGrabbing;
			sourceTree = "<group>";
		};
		C80F65C71ADE156C00277D77 = {
			isa = PBXGroup;
			children = (
				C80F65F71ADE2BEE00277D77 /* MyApplication.swift */,
				A441E3AA1B4FF0BE008DBC37 /* SPMediaKeyTap */,
				C80F65D21ADE156C00277D77 /* PocketCast */,
				C80F65E31ADE156C00277D77 /* PocketCastTests */,
				C80F65D11ADE156C00277D77 /* Products */,
			);
			sourceTree = "<group>";
		};
		C80F65D11ADE156C00277D77 /* Products */ = {
			isa = PBXGroup;
			children = (
				C80F65D01ADE156C00277D77 /* PocketCasts.app */,
				C80F65E01ADE156C00277D77 /* PocketCastTests.xctest */,
			);
			name = Products;
			sourceTree = "<group>";
		};
		C80F65D21ADE156C00277D77 /* PocketCast */ = {
			isa = PBXGroup;
			children = (
				A441E39E1B4FEF9E008DBC37 /* PocketCast-Bridging-Header.h */,
				C80F65D51ADE156C00277D77 /* AppDelegate.swift */,
				C80F65D71ADE156C00277D77 /* Images.xcassets */,
				C80F65D91ADE156C00277D77 /* MainMenu.xib */,
				C80F65D31ADE156C00277D77 /* Supporting Files */,
			);
			path = PocketCast;
			sourceTree = "<group>";
		};
		C80F65D31ADE156C00277D77 /* Supporting Files */ = {
			isa = PBXGroup;
			children = (
				C80F65D41ADE156C00277D77 /* Info.plist */,
			);
			name = "Supporting Files";
			sourceTree = "<group>";
		};
		C80F65E31ADE156C00277D77 /* PocketCastTests */ = {
			isa = PBXGroup;
			children = (
				C80F65E61ADE156C00277D77 /* PocketCastTests.swift */,
				C80F65E41ADE156C00277D77 /* Supporting Files */,
			);
			path = PocketCastTests;
			sourceTree = "<group>";
		};
		C80F65E41ADE156C00277D77 /* Supporting Files */ = {
			isa = PBXGroup;
			children = (
				C80F65E51ADE156C00277D77 /* Info.plist */,
			);
			name = "Supporting Files";
			sourceTree = "<group>";
		};
/* End PBXGroup section */

/* Begin PBXNativeTarget section */
		C80F65CF1ADE156C00277D77 /* PocketCasts */ = {
			isa = PBXNativeTarget;
			buildConfigurationList = C80F65EA1ADE156C00277D77 /* Build configuration list for PBXNativeTarget "PocketCasts" */;
			buildPhases = (
				C80F65CC1ADE156C00277D77 /* Sources */,
				C80F65CD1ADE156C00277D77 /* Frameworks */,
				C80F65CE1ADE156C00277D77 /* Resources */,
			);
			buildRules = (
			);
			dependencies = (
			);
			name = PocketCasts;
			productName = PocketCast;
			productReference = C80F65D01ADE156C00277D77 /* PocketCasts.app */;
			productType = "com.apple.product-type.application";
		};
		C80F65DF1ADE156C00277D77 /* PocketCastTests */ = {
			isa = PBXNativeTarget;
			buildConfigurationList = C80F65ED1ADE156C00277D77 /* Build configuration list for PBXNativeTarget "PocketCastTests" */;
			buildPhases = (
				C80F65DC1ADE156C00277D77 /* Sources */,
				C80F65DD1ADE156C00277D77 /* Frameworks */,
				C80F65DE1ADE156C00277D77 /* Resources */,
			);
			buildRules = (
			);
			dependencies = (
				C80F65E21ADE156C00277D77 /* PBXTargetDependency */,
			);
			name = PocketCastTests;
			productName = PocketCastTests;
			productReference = C80F65E01ADE156C00277D77 /* PocketCastTests.xctest */;
			productType = "com.apple.product-type.bundle.unit-test";
		};
/* End PBXNativeTarget section */

/* Begin PBXProject section */
		C80F65C81ADE156C00277D77 /* Project object */ = {
			isa = PBXProject;
			attributes = {
				LastSwiftMigration = 0700;
				LastSwiftUpdateCheck = 0700;
				LastUpgradeCheck = 0810;
				ORGANIZATIONNAME = "Morten Just Petersen";
				TargetAttributes = {
					C80F65CF1ADE156C00277D77 = {
						CreatedOnToolsVersion = 6.3;
						DevelopmentTeam = 7FQ3X6J325;
						LastSwiftMigration = 0810;
						ProvisioningStyle = Automatic;
					};
					C80F65DF1ADE156C00277D77 = {
						CreatedOnToolsVersion = 6.3;
						LastSwiftMigration = 0810;
						TestTargetID = C80F65CF1ADE156C00277D77;
					};
				};
			};
			buildConfigurationList = C80F65CB1ADE156C00277D77 /* Build configuration list for PBXProject "PocketCast" */;
			compatibilityVersion = "Xcode 3.2";
			developmentRegion = English;
			hasScannedForEncodings = 0;
			knownRegions = (
				en,
				Base,
			);
			mainGroup = C80F65C71ADE156C00277D77;
			productRefGroup = C80F65D11ADE156C00277D77 /* Products */;
			projectDirPath = "";
			projectRoot = "";
			targets = (
				C80F65CF1ADE156C00277D77 /* PocketCasts */,
				C80F65DF1ADE156C00277D77 /* PocketCastTests */,
			);
		};
/* End PBXProject section */

/* Begin PBXResourcesBuildPhase section */
		C80F65CE1ADE156C00277D77 /* Resources */ = {
			isa = PBXResourcesBuildPhase;
			buildActionMask = 2147483647;
			files = (
				C80F65D81ADE156C00277D77 /* Images.xcassets in Resources */,
				C80F65DB1ADE156C00277D77 /* MainMenu.xib in Resources */,
			);
			runOnlyForDeploymentPostprocessing = 0;
		};
		C80F65DE1ADE156C00277D77 /* Resources */ = {
			isa = PBXResourcesBuildPhase;
			buildActionMask = 2147483647;
			files = (
			);
			runOnlyForDeploymentPostprocessing = 0;
		};
/* End PBXResourcesBuildPhase section */

/* Begin PBXSourcesBuildPhase section */
		C80F65CC1ADE156C00277D77 /* Sources */ = {
			isa = PBXSourcesBuildPhase;
			buildActionMask = 2147483647;
			files = (
				A441E3B01B4FF0BE008DBC37 /* NSObject+SPInvocationGrabbing.m in Sources */,
				C80F65F81ADE2BEE00277D77 /* MyApplication.swift in Sources */,
				C80F65D61ADE156C00277D77 /* AppDelegate.swift in Sources */,
				A441E3B11B4FF0BE008DBC37 /* SPMediaKeyTap.m in Sources */,
			);
			runOnlyForDeploymentPostprocessing = 0;
		};
		C80F65DC1ADE156C00277D77 /* Sources */ = {
			isa = PBXSourcesBuildPhase;
			buildActionMask = 2147483647;
			files = (
				C80F65E71ADE156C00277D77 /* PocketCastTests.swift in Sources */,
			);
			runOnlyForDeploymentPostprocessing = 0;
		};
/* End PBXSourcesBuildPhase section */

/* Begin PBXTargetDependency section */
		C80F65E21ADE156C00277D77 /* PBXTargetDependency */ = {
			isa = PBXTargetDependency;
			target = C80F65CF1ADE156C00277D77 /* PocketCasts */;
			targetProxy = C80F65E11ADE156C00277D77 /* PBXContainerItemProxy */;
		};
/* End PBXTargetDependency section */

/* Begin PBXVariantGroup section */
		C80F65D91ADE156C00277D77 /* MainMenu.xib */ = {
			isa = PBXVariantGroup;
			children = (
				C80F65DA1ADE156C00277D77 /* Base */,
			);
			name = MainMenu.xib;
			sourceTree = "<group>";
		};
/* End PBXVariantGroup section */

/* Begin XCBuildConfiguration section */
		C80F65E81ADE156C00277D77 /* Debug */ = {
			isa = XCBuildConfiguration;
			buildSettings = {
				ALWAYS_SEARCH_USER_PATHS = NO;
				CLANG_CXX_LANGUAGE_STANDARD = "gnu++0x";
				CLANG_CXX_LIBRARY = "libc++";
				CLANG_ENABLE_MODULES = YES;
				CLANG_ENABLE_OBJC_ARC = YES;
				CLANG_WARN_BOOL_CONVERSION = YES;
				CLANG_WARN_CONSTANT_CONVERSION = YES;
				CLANG_WARN_DIRECT_OBJC_ISA_USAGE = YES_ERROR;
				CLANG_WARN_EMPTY_BODY = YES;
				CLANG_WARN_ENUM_CONVERSION = YES;
				CLANG_WARN_INFINITE_RECURSION = YES;
				CLANG_WARN_INT_CONVERSION = YES;
				CLANG_WARN_OBJC_ROOT_CLASS = YES_ERROR;
				CLANG_WARN_SUSPICIOUS_MOVE = YES;
				CLANG_WARN_UNREACHABLE_CODE = YES;
				CLANG_WARN__DUPLICATE_METHOD_MATCH = YES;
				CODE_SIGN_IDENTITY = "-";
				COPY_PHASE_STRIP = NO;
				DEBUG_INFORMATION_FORMAT = dwarf;
				ENABLE_STRICT_OBJC_MSGSEND = YES;
				ENABLE_TESTABILITY = YES;
				GCC_C_LANGUAGE_STANDARD = gnu99;
				GCC_DYNAMIC_NO_PIC = NO;
				GCC_NO_COMMON_BLOCKS = YES;
				GCC_OPTIMIZATION_LEVEL = 0;
				GCC_PREPROCESSOR_DEFINITIONS = (
					"DEBUG=1",
					"$(inherited)",
				);
				GCC_SYMBOLS_PRIVATE_EXTERN = NO;
				GCC_WARN_64_TO_32_BIT_CONVERSION = YES;
				GCC_WARN_ABOUT_RETURN_TYPE = YES_ERROR;
				GCC_WARN_UNDECLARED_SELECTOR = YES;
				GCC_WARN_UNINITIALIZED_AUTOS = YES_AGGRESSIVE;
				GCC_WARN_UNUSED_FUNCTION = YES;
				GCC_WARN_UNUSED_VARIABLE = YES;
				MACOSX_DEPLOYMENT_TARGET = 10.10;
				MTL_ENABLE_DEBUG_INFO = YES;
				ONLY_ACTIVE_ARCH = YES;
				SDKROOT = macosx;
				SWIFT_OPTIMIZATION_LEVEL = "-Onone";
			};
			name = Debug;
		};
		C80F65E91ADE156C00277D77 /* Release */ = {
			isa = XCBuildConfiguration;
			buildSettings = {
				ALWAYS_SEARCH_USER_PATHS = NO;
				CLANG_CXX_LANGUAGE_STANDARD = "gnu++0x";
				CLANG_CXX_LIBRARY = "libc++";
				CLANG_ENABLE_MODULES = YES;
				CLANG_ENABLE_OBJC_ARC = YES;
				CLANG_WARN_BOOL_CONVERSION = YES;
				CLANG_WARN_CONSTANT_CONVERSION = YES;
				CLANG_WARN_DIRECT_OBJC_ISA_USAGE = YES_ERROR;
				CLANG_WARN_EMPTY_BODY = YES;
				CLANG_WARN_ENUM_CONVERSION = YES;
				CLANG_WARN_INFINITE_RECURSION = YES;
				CLANG_WARN_INT_CONVERSION = YES;
				CLANG_WARN_OBJC_ROOT_CLASS = YES_ERROR;
				CLANG_WARN_SUSPICIOUS_MOVE = YES;
				CLANG_WARN_UNREACHABLE_CODE = YES;
				CLANG_WARN__DUPLICATE_METHOD_MATCH = YES;
				CODE_SIGN_IDENTITY = "-";
				COPY_PHASE_STRIP = NO;
				DEBUG_INFORMATION_FORMAT = "dwarf-with-dsym";
				ENABLE_NS_ASSERTIONS = NO;
				ENABLE_STRICT_OBJC_MSGSEND = YES;
				GCC_C_LANGUAGE_STANDARD = gnu99;
				GCC_NO_COMMON_BLOCKS = YES;
				GCC_WARN_64_TO_32_BIT_CONVERSION = YES;
				GCC_WARN_ABOUT_RETURN_TYPE = YES_ERROR;
				GCC_WARN_UNDECLARED_SELECTOR = YES;
				GCC_WARN_UNINITIALIZED_AUTOS = YES_AGGRESSIVE;
				GCC_WARN_UNUSED_FUNCTION = YES;
				GCC_WARN_UNUSED_VARIABLE = YES;
				MACOSX_DEPLOYMENT_TARGET = 10.10;
				MTL_ENABLE_DEBUG_INFO = NO;
				SDKROOT = macosx;
				SWIFT_OPTIMIZATION_LEVEL = "-Owholemodule";
			};
			name = Release;
		};
		C80F65EB1ADE156C00277D77 /* Debug */ = {
			isa = XCBuildConfiguration;
			buildSettings = {
				ASSETCATALOG_COMPILER_APPICON_NAME = AppIcon;
				CLANG_ENABLE_MODULES = YES;
				CODE_SIGN_IDENTITY = "Mac Developer";
				"CODE_SIGN_IDENTITY[sdk=macosx*]" = "Mac Developer";
				COMBINE_HIDPI_IMAGES = YES;
				DEVELOPMENT_TEAM = 7FQ3X6J325;
				INFOPLIST_FILE = PocketCast/Info.plist;
				LD_RUNPATH_SEARCH_PATHS = "$(inherited) @executable_path/../Frameworks";
				PRODUCT_BUNDLE_IDENTIFIER = com.gabrieltriggs.PocketCasts;
				PRODUCT_NAME = "$(TARGET_NAME)";
				PROVISIONING_PROFILE = "";
				PROVISIONING_PROFILE_SPECIFIER = "";
				SWIFT_OBJC_BRIDGING_HEADER = "PocketCast/PocketCast-Bridging-Header.h";
				SWIFT_OPTIMIZATION_LEVEL = "-Onone";
				SWIFT_VERSION = 3.0;
			};
			name = Debug;
		};
		C80F65EC1ADE156C00277D77 /* Release */ = {
			isa = XCBuildConfiguration;
			buildSettings = {
				ASSETCATALOG_COMPILER_APPICON_NAME = AppIcon;
				CLANG_ENABLE_MODULES = YES;
				CODE_SIGN_IDENTITY = "Mac Developer";
				"CODE_SIGN_IDENTITY[sdk=macosx*]" = "Mac Developer";
				COMBINE_HIDPI_IMAGES = YES;
				DEVELOPMENT_TEAM = 7FQ3X6J325;
				INFOPLIST_FILE = PocketCast/Info.plist;
				LD_RUNPATH_SEARCH_PATHS = "$(inherited) @executable_path/../Frameworks";
				PRODUCT_BUNDLE_IDENTIFIER = com.gabrieltriggs.PocketCasts;
				PRODUCT_NAME = "$(TARGET_NAME)";
				PROVISIONING_PROFILE = "";
				PROVISIONING_PROFILE_SPECIFIER = "";
				SWIFT_OBJC_BRIDGING_HEADER = "PocketCast/PocketCast-Bridging-Header.h";
				SWIFT_VERSION = 3.0;
			};
			name = Release;
		};
		C80F65EE1ADE156C00277D77 /* Debug */ = {
			isa = XCBuildConfiguration;
			buildSettings = {
				BUNDLE_LOADER = "$(TEST_HOST)";
				COMBINE_HIDPI_IMAGES = YES;
				FRAMEWORK_SEARCH_PATHS = (
					"$(DEVELOPER_FRAMEWORKS_DIR)",
					"$(inherited)",
				);
				GCC_PREPROCESSOR_DEFINITIONS = (
					"DEBUG=1",
					"$(inherited)",
				);
				INFOPLIST_FILE = PocketCastTests/Info.plist;
				LD_RUNPATH_SEARCH_PATHS = "$(inherited) @executable_path/../Frameworks @loader_path/../Frameworks";
				PRODUCT_BUNDLE_IDENTIFIER = "com.mortenjust.$(PRODUCT_NAME:rfc1034identifier)";
				PRODUCT_NAME = "$(TARGET_NAME)";
				SWIFT_VERSION = 3.0;
				TEST_HOST = "$(BUILT_PRODUCTS_DIR)/PocketCast.app/Contents/MacOS/PocketCast";
			};
			name = Debug;
		};
		C80F65EF1ADE156C00277D77 /* Release */ = {
			isa = XCBuildConfiguration;
			buildSettings = {
				BUNDLE_LOADER = "$(TEST_HOST)";
				COMBINE_HIDPI_IMAGES = YES;
				FRAMEWORK_SEARCH_PATHS = (
					"$(DEVELOPER_FRAMEWORKS_DIR)",
					"$(inherited)",
				);
				INFOPLIST_FILE = PocketCastTests/Info.plist;
				LD_RUNPATH_SEARCH_PATHS = "$(inherited) @executable_path/../Frameworks @loader_path/../Frameworks";
				PRODUCT_BUNDLE_IDENTIFIER = "com.mortenjust.$(PRODUCT_NAME:rfc1034identifier)";
				PRODUCT_NAME = "$(TARGET_NAME)";
				SWIFT_VERSION = 3.0;
				TEST_HOST = "$(BUILT_PRODUCTS_DIR)/PocketCast.app/Contents/MacOS/PocketCast";
			};
			name = Release;
		};
/* End XCBuildConfiguration section */

/* Begin XCConfigurationList section */
		C80F65CB1ADE156C00277D77 /* Build configuration list for PBXProject "PocketCast" */ = {
			isa = XCConfigurationList;
			buildConfigurations = (
				C80F65E81ADE156C00277D77 /* Debug */,
				C80F65E91ADE156C00277D77 /* Release */,
			);
			defaultConfigurationIsVisible = 0;
			defaultConfigurationName = Release;
		};
		C80F65EA1ADE156C00277D77 /* Build configuration list for PBXNativeTarget "PocketCasts" */ = {
			isa = XCConfigurationList;
			buildConfigurations = (
				C80F65EB1ADE156C00277D77 /* Debug */,
				C80F65EC1ADE156C00277D77 /* Release */,
			);
			defaultConfigurationIsVisible = 0;
			defaultConfigurationName = Release;
		};
		C80F65ED1ADE156C00277D77 /* Build configuration list for PBXNativeTarget "PocketCastTests" */ = {
			isa = XCConfigurationList;
			buildConfigurations = (
				C80F65EE1ADE156C00277D77 /* Debug */,
				C80F65EF1ADE156C00277D77 /* Release */,
			);
			defaultConfigurationIsVisible = 0;
			defaultConfigurationName = Release;
		};
/* End XCConfigurationList section */
	};
	rootObject = C80F65C81ADE156C00277D77 /* Project object */;
}
